// !$*UTF8*$!
{
	archiveVersion = 1;
	classes = {
	};
	objectVersion = 48;
	objects = {

/* Begin PBXBuildFile section */
		15451A7F20502C1200E205F7 /* AppDelegate.swift in Sources */ = {isa = PBXBuildFile; fileRef = 15451A7E20502C1200E205F7 /* AppDelegate.swift */; };
		15451A8120502C1200E205F7 /* ViewController.swift in Sources */ = {isa = PBXBuildFile; fileRef = 15451A8020502C1200E205F7 /* ViewController.swift */; };
		15451A8420502C1200E205F7 /* Main.storyboard in Resources */ = {isa = PBXBuildFile; fileRef = 15451A8220502C1200E205F7 /* Main.storyboard */; };
		15451A8620502C1200E205F7 /* Assets.xcassets in Resources */ = {isa = PBXBuildFile; fileRef = 15451A8520502C1200E205F7 /* Assets.xcassets */; };
		15451A8920502C1200E205F7 /* LaunchScreen.storyboard in Resources */ = {isa = PBXBuildFile; fileRef = 15451A8720502C1200E205F7 /* LaunchScreen.storyboard */; };
		15451A9420502C1200E205F7 /* TestGitTests.swift in Sources */ = {isa = PBXBuildFile; fileRef = 15451A9320502C1200E205F7 /* TestGitTests.swift */; };
		15451A9F20502C1300E205F7 /* TestGitUITests.swift in Sources */ = {isa = PBXBuildFile; fileRef = 15451A9E20502C1300E205F7 /* TestGitUITests.swift */; };
/* End PBXBuildFile section */

/* Begin PBXContainerItemProxy section */
		15451A9020502C1200E205F7 /* PBXContainerItemProxy */ = {
			isa = PBXContainerItemProxy;
			containerPortal = 15451A7320502C1200E205F7 /* Project object */;
			proxyType = 1;
			remoteGlobalIDString = 15451A7A20502C1200E205F7;
			remoteInfo = TestGit;
		};
		15451A9B20502C1300E205F7 /* PBXContainerItemProxy */ = {
			isa = PBXContainerItemProxy;
			containerPortal = 15451A7320502C1200E205F7 /* Project object */;
			proxyType = 1;
			remoteGlobalIDString = 15451A7A20502C1200E205F7;
			remoteInfo = TestGit;
		};
/* End PBXContainerItemProxy section */

/* Begin PBXFileReference section */
		15451A7B20502C1200E205F7 /* TestGit.app */ = {isa = PBXFileReference; explicitFileType = wrapper.application; includeInIndex = 0; path = TestGit.app; sourceTree = BUILT_PRODUCTS_DIR; };
		15451A7E20502C1200E205F7 /* AppDelegate.swift */ = {isa = PBXFileReference; lastKnownFileType = sourcecode.swift; path = AppDelegate.swift; sourceTree = "<group>"; };
		15451A8020502C1200E205F7 /* ViewController.swift */ = {isa = PBXFileReference; lastKnownFileType = sourcecode.swift; path = ViewController.swift; sourceTree = "<group>"; };
		15451A8320502C1200E205F7 /* Base */ = {isa = PBXFileReference; lastKnownFileType = file.storyboard; name = Base; path = Base.lproj/Main.storyboard; sourceTree = "<group>"; };
		15451A8520502C1200E205F7 /* Assets.xcassets */ = {isa = PBXFileReference; lastKnownFileType = folder.assetcatalog; path = Assets.xcassets; sourceTree = "<group>"; };
		15451A8820502C1200E205F7 /* Base */ = {isa = PBXFileReference; lastKnownFileType = file.storyboard; name = Base; path = Base.lproj/LaunchScreen.storyboard; sourceTree = "<group>"; };
		15451A8A20502C1200E205F7 /* Info.plist */ = {isa = PBXFileReference; lastKnownFileType = text.plist.xml; path = Info.plist; sourceTree = "<group>"; };
		15451A8F20502C1200E205F7 /* TestGitTests.xctest */ = {isa = PBXFileReference; explicitFileType = wrapper.cfbundle; includeInIndex = 0; path = TestGitTests.xctest; sourceTree = BUILT_PRODUCTS_DIR; };
		15451A9320502C1200E205F7 /* TestGitTests.swift */ = {isa = PBXFileReference; lastKnownFileType = sourcecode.swift; path = TestGitTests.swift; sourceTree = "<group>"; };
		15451A9520502C1200E205F7 /* Info.plist */ = {isa = PBXFileReference; lastKnownFileType = text.plist.xml; path = Info.plist; sourceTree = "<group>"; };
		15451A9A20502C1300E205F7 /* TestGitUITests.xctest */ = {isa = PBXFileReference; explicitFileType = wrapper.cfbundle; includeInIndex = 0; path = TestGitUITests.xctest; sourceTree = BUILT_PRODUCTS_DIR; };
		15451A9E20502C1300E205F7 /* TestGitUITests.swift */ = {isa = PBXFileReference; lastKnownFileType = sourcecode.swift; path = TestGitUITests.swift; sourceTree = "<group>"; };
		15451AA020502C1300E205F7 /* Info.plist */ = {isa = PBXFileReference; lastKnownFileType = text.plist.xml; path = Info.plist; sourceTree = "<group>"; };
/* End PBXFileReference section */

/* Begin PBXFrameworksBuildPhase section */
		15451A7820502C1200E205F7 /* Frameworks */ = {
			isa = PBXFrameworksBuildPhase;
			buildActionMask = 2147483647;
			files = (
			);
			runOnlyForDeploymentPostprocessing = 0;
		};
		15451A8C20502C1200E205F7 /* Frameworks */ = {
			isa = PBXFrameworksBuildPhase;
			buildActionMask = 2147483647;
			files = (
			);
			runOnlyForDeploymentPostprocessing = 0;
		};
		15451A9720502C1300E205F7 /* Frameworks */ = {
			isa = PBXFrameworksBuildPhase;
			buildActionMask = 2147483647;
			files = (
			);
			runOnlyForDeploymentPostprocessing = 0;
		};
/* End PBXFrameworksBuildPhase section */

/* Begin PBXGroup section */
		15451A7220502C1200E205F7 = {
			isa = PBXGroup;
			children = (
				15451A7D20502C1200E205F7 /* TestGit */,
				15451A9220502C1200E205F7 /* TestGitTests */,
				15451A9D20502C1300E205F7 /* TestGitUITests */,
				15451A7C20502C1200E205F7 /* Products */,
			);
			sourceTree = "<group>";
		};
		15451A7C20502C1200E205F7 /* Products */ = {
			isa = PBXGroup;
			children = (
				15451A7B20502C1200E205F7 /* TestGit.app */,
				15451A8F20502C1200E205F7 /* TestGitTests.xctest */,
				15451A9A20502C1300E205F7 /* TestGitUITests.xctest */,
			);
			name = Products;
			sourceTree = "<group>";
		};
		15451A7D20502C1200E205F7 /* TestGit */ = {
			isa = PBXGroup;
			children = (
				15451A7E20502C1200E205F7 /* AppDelegate.swift */,
				15451A8020502C1200E205F7 /* ViewController.swift */,
				15451A8220502C1200E205F7 /* Main.storyboard */,
				15451A8520502C1200E205F7 /* Assets.xcassets */,
				15451A8720502C1200E205F7 /* LaunchScreen.storyboard */,
				15451A8A20502C1200E205F7 /* Info.plist */,
			);
			path = TestGit;
			sourceTree = "<group>";
		};
		15451A9220502C1200E205F7 /* TestGitTests */ = {
			isa = PBXGroup;
			children = (
				15451A9320502C1200E205F7 /* TestGitTests.swift */,
				15451A9520502C1200E205F7 /* Info.plist */,
			);
			path = TestGitTests;
			sourceTree = "<group>";
		};
		15451A9D20502C1300E205F7 /* TestGitUITests */ = {
			isa = PBXGroup;
			children = (
				15451A9E20502C1300E205F7 /* TestGitUITests.swift */,
				15451AA020502C1300E205F7 /* Info.plist */,
			);
			path = TestGitUITests;
			sourceTree = "<group>";
		};
/* End PBXGroup section */

/* Begin PBXNativeTarget section */
		15451A7A20502C1200E205F7 /* TestGit */ = {
			isa = PBXNativeTarget;
			buildConfigurationList = 15451AA320502C1300E205F7 /* Build configuration list for PBXNativeTarget "TestGit" */;
			buildPhases = (
				15451A7720502C1200E205F7 /* Sources */,
				15451A7820502C1200E205F7 /* Frameworks */,
				15451A7920502C1200E205F7 /* Resources */,
			);
			buildRules = (
			);
			dependencies = (
			);
			name = TestGit;
			productName = TestGit;
			productReference = 15451A7B20502C1200E205F7 /* TestGit.app */;
			productType = "com.apple.product-type.application";
		};
		15451A8E20502C1200E205F7 /* TestGitTests */ = {
			isa = PBXNativeTarget;
			buildConfigurationList = 15451AA620502C1300E205F7 /* Build configuration list for PBXNativeTarget "TestGitTests" */;
			buildPhases = (
				15451A8B20502C1200E205F7 /* Sources */,
				15451A8C20502C1200E205F7 /* Frameworks */,
				15451A8D20502C1200E205F7 /* Resources */,
			);
			buildRules = (
			);
			dependencies = (
				15451A9120502C1200E205F7 /* PBXTargetDependency */,
			);
			name = TestGitTests;
			productName = TestGitTests;
			productReference = 15451A8F20502C1200E205F7 /* TestGitTests.xctest */;
			productType = "com.apple.product-type.bundle.unit-test";
		};
		15451A9920502C1300E205F7 /* TestGitUITests */ = {
			isa = PBXNativeTarget;
			buildConfigurationList = 15451AA920502C1300E205F7 /* Build configuration list for PBXNativeTarget "TestGitUITests" */;
			buildPhases = (
				15451A9620502C1300E205F7 /* Sources */,
				15451A9720502C1300E205F7 /* Frameworks */,
				15451A9820502C1300E205F7 /* Resources */,
			);
			buildRules = (
			);
			dependencies = (
				15451A9C20502C1300E205F7 /* PBXTargetDependency */,
			);
			name = TestGitUITests;
			productName = TestGitUITests;
			productReference = 15451A9A20502C1300E205F7 /* TestGitUITests.xctest */;
			productType = "com.apple.product-type.bundle.ui-testing";
		};
/* End PBXNativeTarget section */

/* Begin PBXProject section */
		15451A7320502C1200E205F7 /* Project object */ = {
			isa = PBXProject;
			attributes = {
				LastSwiftUpdateCheck = 0920;
				LastUpgradeCheck = 0920;
				ORGANIZATIONNAME = "Louis Loeckx";
				TargetAttributes = {
					15451A7A20502C1200E205F7 = {
						CreatedOnToolsVersion = 9.2;
						ProvisioningStyle = Automatic;
					};
					15451A8E20502C1200E205F7 = {
						CreatedOnToolsVersion = 9.2;
						ProvisioningStyle = Automatic;
						TestTargetID = 15451A7A20502C1200E205F7;
					};
					15451A9920502C1300E205F7 = {
						CreatedOnToolsVersion = 9.2;
						ProvisioningStyle = Automatic;
						TestTargetID = 15451A7A20502C1200E205F7;
					};
				};
			};
			buildConfigurationList = 15451A7620502C1200E205F7 /* Build configuration list for PBXProject "TestGit" */;
			compatibilityVersion = "Xcode 8.0";
			developmentRegion = en;
			hasScannedForEncodings = 0;
			knownRegions = (
				en,
				Base,
			);
			mainGroup = 15451A7220502C1200E205F7;
			productRefGroup = 15451A7C20502C1200E205F7 /* Products */;
			projectDirPath = "";
			projectRoot = "";
			targets = (
				15451A7A20502C1200E205F7 /* TestGit */,
				15451A8E20502C1200E205F7 /* TestGitTests */,
				15451A9920502C1300E205F7 /* TestGitUITests */,
			);
		};
/* End PBXProject section */

/* Begin PBXResourcesBuildPhase section */
		15451A7920502C1200E205F7 /* Resources */ = {
			isa = PBXResourcesBuildPhase;
			buildActionMask = 2147483647;
			files = (
				15451A8920502C1200E205F7 /* LaunchScreen.storyboard in Resources */,
				15451A8620502C1200E205F7 /* Assets.xcassets in Resources */,
				15451A8420502C1200E205F7 /* Main.storyboard in Resources */,
			);
			runOnlyForDeploymentPostprocessing = 0;
		};
		15451A8D20502C1200E205F7 /* Resources */ = {
			isa = PBXResourcesBuildPhase;
			buildActionMask = 2147483647;
			files = (
			);
			runOnlyForDeploymentPostprocessing = 0;
		};
		15451A9820502C1300E205F7 /* Resources */ = {
			isa = PBXResourcesBuildPhase;
			buildActionMask = 2147483647;
			files = (
			);
			runOnlyForDeploymentPostprocessing = 0;
		};
/* End PBXResourcesBuildPhase section */

/* Begin PBXSourcesBuildPhase section */
		15451A7720502C1200E205F7 /* Sources */ = {
			isa = PBXSourcesBuildPhase;
			buildActionMask = 2147483647;
			files = (
				15451A8120502C1200E205F7 /* ViewController.swift in Sources */,
				15451A7F20502C1200E205F7 /* AppDelegate.swift in Sources */,
			);
			runOnlyForDeploymentPostprocessing = 0;
		};
		15451A8B20502C1200E205F7 /* Sources */ = {
			isa = PBXSourcesBuildPhase;
			buildActionMask = 2147483647;
			files = (
				15451A9420502C1200E205F7 /* TestGitTests.swift in Sources */,
			);
			runOnlyForDeploymentPostprocessing = 0;
		};
		15451A9620502C1300E205F7 /* Sources */ = {
			isa = PBXSourcesBuildPhase;
			buildActionMask = 2147483647;
			files = (
				15451A9F20502C1300E205F7 /* TestGitUITests.swift in Sources */,
			);
			runOnlyForDeploymentPostprocessing = 0;
		};
/* End PBXSourcesBuildPhase section */

/* Begin PBXTargetDependency section */
		15451A9120502C1200E205F7 /* PBXTargetDependency */ = {
			isa = PBXTargetDependency;
			target = 15451A7A20502C1200E205F7 /* TestGit */;
			targetProxy = 15451A9020502C1200E205F7 /* PBXContainerItemProxy */;
		};
		15451A9C20502C1300E205F7 /* PBXTargetDependency */ = {
			isa = PBXTargetDependency;
			target = 15451A7A20502C1200E205F7 /* TestGit */;
			targetProxy = 15451A9B20502C1300E205F7 /* PBXContainerItemProxy */;
		};
/* End PBXTargetDependency section */

/* Begin PBXVariantGroup section */
		15451A8220502C1200E205F7 /* Main.storyboard */ = {
			isa = PBXVariantGroup;
			children = (
				15451A8320502C1200E205F7 /* Base */,
			);
			name = Main.storyboard;
			sourceTree = "<group>";
		};
		15451A8720502C1200E205F7 /* LaunchScreen.storyboard */ = {
			isa = PBXVariantGroup;
			children = (
				15451A8820502C1200E205F7 /* Base */,
			);
			name = LaunchScreen.storyboard;
			sourceTree = "<group>";
		};
/* End PBXVariantGroup section */

/* Begin XCBuildConfiguration section */
		15451AA120502C1300E205F7 /* Debug */ = {
			isa = XCBuildConfiguration;
			buildSettings = {
				ALWAYS_SEARCH_USER_PATHS = NO;
				CLANG_ANALYZER_NONNULL = YES;
				CLANG_ANALYZER_NUMBER_OBJECT_CONVERSION = YES_AGGRESSIVE;
				CLANG_CXX_LANGUAGE_STANDARD = "gnu++14";
				CLANG_CXX_LIBRARY = "libc++";
				CLANG_ENABLE_MODULES = YES;
				CLANG_ENABLE_OBJC_ARC = YES;
				CLANG_WARN_BLOCK_CAPTURE_AUTORELEASING = YES;
				CLANG_WARN_BOOL_CONVERSION = YES;
				CLANG_WARN_COMMA = YES;
				CLANG_WARN_CONSTANT_CONVERSION = YES;
				CLANG_WARN_DIRECT_OBJC_ISA_USAGE = YES_ERROR;
				CLANG_WARN_DOCUMENTATION_COMMENTS = YES;
				CLANG_WARN_EMPTY_BODY = YES;
				CLANG_WARN_ENUM_CONVERSION = YES;
				CLANG_WARN_INFINITE_RECURSION = YES;
				CLANG_WARN_INT_CONVERSION = YES;
				CLANG_WARN_NON_LITERAL_NULL_CONVERSION = YES;
				CLANG_WARN_OBJC_LITERAL_CONVERSION = YES;
				CLANG_WARN_OBJC_ROOT_CLASS = YES_ERROR;
				CLANG_WARN_RANGE_LOOP_ANALYSIS = YES;
				CLANG_WARN_STRICT_PROTOTYPES = YES;
				CLANG_WARN_SUSPICIOUS_MOVE = YES;
				CLANG_WARN_UNGUARDED_AVAILABILITY = YES_AGGRESSIVE;
				CLANG_WARN_UNREACHABLE_CODE = YES;
				CLANG_WARN__DUPLICATE_METHOD_MATCH = YES;
				CODE_SIGN_IDENTITY = "iPhone Developer";
				COPY_PHASE_STRIP = NO;
				DEBUG_INFORMATION_FORMAT = dwarf;
				ENABLE_STRICT_OBJC_MSGSEND = YES;
				ENABLE_TESTABILITY = YES;
				GCC_C_LANGUAGE_STANDARD = gnu11;
				GCC_DYNAMIC_NO_PIC = NO;
				GCC_NO_COMMON_BLOCKS = YES;
				GCC_OPTIMIZATION_LEVEL = 0;
				GCC_PREPROCESSOR_DEFINITIONS = (
					"DEBUG=1",
					"$(inherited)",
				);
				GCC_WARN_64_TO_32_BIT_CONVERSION = YES;
				GCC_WARN_ABOUT_RETURN_TYPE = YES_ERROR;
				GCC_WARN_UNDECLARED_SELECTOR = YES;
				GCC_WARN_UNINITIALIZED_AUTOS = YES_AGGRESSIVE;
				GCC_WARN_UNUSED_FUNCTION = YES;
				GCC_WARN_UNUSED_VARIABLE = YES;
				IPHONEOS_DEPLOYMENT_TARGET = 11.2;
				MTL_ENABLE_DEBUG_INFO = YES;
				ONLY_ACTIVE_ARCH = YES;
				SDKROOT = iphoneos;
				SWIFT_ACTIVE_COMPILATION_CONDITIONS = DEBUG;
				SWIFT_OPTIMIZATION_LEVEL = "-Onone";
			};
			name = Debug;
		};
		15451AA220502C1300E205F7 /* Release */ = {
			isa = XCBuildConfiguration;
			buildSettings = {
				ALWAYS_SEARCH_USER_PATHS = NO;
				CLANG_ANALYZER_NONNULL = YES;
				CLANG_ANALYZER_NUMBER_OBJECT_CONVERSION = YES_AGGRESSIVE;
				CLANG_CXX_LANGUAGE_STANDARD = "gnu++14";
				CLANG_CXX_LIBRARY = "libc++";
				CLANG_ENABLE_MODULES = YES;
				CLANG_ENABLE_OBJC_ARC = YES;
				CLANG_WARN_BLOCK_CAPTURE_AUTORELEASING = YES;
				CLANG_WARN_BOOL_CONVERSION = YES;
				CLANG_WARN_COMMA = YES;
				CLANG_WARN_CONSTANT_CONVERSION = YES;
				CLANG_WARN_DIRECT_OBJC_ISA_USAGE = YES_ERROR;
				CLANG_WARN_DOCUMENTATION_COMMENTS = YES;
				CLANG_WARN_EMPTY_BODY = YES;
				CLANG_WARN_ENUM_CONVERSION = YES;
				CLANG_WARN_INFINITE_RECURSION = YES;
				CLANG_WARN_INT_CONVERSION = YES;
				CLANG_WARN_NON_LITERAL_NULL_CONVERSION = YES;
				CLANG_WARN_OBJC_LITERAL_CONVERSION = YES;
				CLANG_WARN_OBJC_ROOT_CLASS = YES_ERROR;
				CLANG_WARN_RANGE_LOOP_ANALYSIS = YES;
				CLANG_WARN_STRICT_PROTOTYPES = YES;
				CLANG_WARN_SUSPICIOUS_MOVE = YES;
				CLANG_WARN_UNGUARDED_AVAILABILITY = YES_AGGRESSIVE;
				CLANG_WARN_UNREACHABLE_CODE = YES;
				CLANG_WARN__DUPLICATE_METHOD_MATCH = YES;
				CODE_SIGN_IDENTITY = "iPhone Developer";
				COPY_PHASE_STRIP = NO;
				DEBUG_INFORMATION_FORMAT = "dwarf-with-dsym";
				ENABLE_NS_ASSERTIONS = NO;
				ENABLE_STRICT_OBJC_MSGSEND = YES;
				GCC_C_LANGUAGE_STANDARD = gnu11;
				GCC_NO_COMMON_BLOCKS = YES;
				GCC_WARN_64_TO_32_BIT_CONVERSION = YES;
				GCC_WARN_ABOUT_RETURN_TYPE = YES_ERROR;
				GCC_WARN_UNDECLARED_SELECTOR = YES;
				GCC_WARN_UNINITIALIZED_AUTOS = YES_AGGRESSIVE;
				GCC_WARN_UNUSED_FUNCTION = YES;
				GCC_WARN_UNUSED_VARIABLE = YES;
				IPHONEOS_DEPLOYMENT_TARGET = 11.2;
				MTL_ENABLE_DEBUG_INFO = NO;
				SDKROOT = iphoneos;
				SWIFT_OPTIMIZATION_LEVEL = "-Owholemodule";
				VALIDATE_PRODUCT = YES;
			};
			name = Release;
		};
		15451AA420502C1300E205F7 /* Debug */ = {
			isa = XCBuildConfiguration;
			buildSettings = {
				ASSETCATALOG_COMPILER_APPICON_NAME = AppIcon;
				CODE_SIGN_STYLE = Automatic;
				DEVELOPMENT_TEAM = 3V77329U3X;
				INFOPLIST_FILE = TestGit/Info.plist;
				LD_RUNPATH_SEARCH_PATHS = "$(inherited) @executable_path/Frameworks";
				PRODUCT_BUNDLE_IDENTIFIER = "be.vdab.Louis-Philippe-Loeckx.TestGit";
				PRODUCT_NAME = "$(TARGET_NAME)";
				SWIFT_VERSION = 4.0;
				TARGETED_DEVICE_FAMILY = "1,2";
			};
			name = Debug;
		};
		15451AA520502C1300E205F7 /* Release */ = {
			isa = XCBuildConfiguration;
			buildSettings = {
				ASSETCATALOG_COMPILER_APPICON_NAME = AppIcon;
				CODE_SIGN_STYLE = Automatic;
				DEVELOPMENT_TEAM = 3V77329U3X;
				INFOPLIST_FILE = TestGit/Info.plist;
				LD_RUNPATH_SEARCH_PATHS = "$(inherited) @executable_path/Frameworks";
				PRODUCT_BUNDLE_IDENTIFIER = "be.vdab.Louis-Philippe-Loeckx.TestGit";
				PRODUCT_NAME = "$(TARGET_NAME)";
				SWIFT_VERSION = 4.0;
				TARGETED_DEVICE_FAMILY = "1,2";
			};
			name = Release;
		};
		15451AA720502C1300E205F7 /* Debug */ = {
			isa = XCBuildConfiguration;
			buildSettings = {
				ALWAYS_EMBED_SWIFT_STANDARD_LIBRARIES = YES;
				BUNDLE_LOADER = "$(TEST_HOST)";
				CODE_SIGN_STYLE = Automatic;
				DEVELOPMENT_TEAM = 3V77329U3X;
				INFOPLIST_FILE = TestGitTests/Info.plist;
				LD_RUNPATH_SEARCH_PATHS = "$(inherited) @executable_path/Frameworks @loader_path/Frameworks";
				PRODUCT_BUNDLE_IDENTIFIER = "be.vdab.Louis-Philippe-Loeckx.TestGitTests";
				PRODUCT_NAME = "$(TARGET_NAME)";
				SWIFT_VERSION = 4.0;
				TARGETED_DEVICE_FAMILY = "1,2";
				TEST_HOST = "$(BUILT_PRODUCTS_DIR)/TestGit.app/TestGit";
			};
			name = Debug;
		};
		15451AA820502C1300E205F7 /* Release */ = {
			isa = XCBuildConfiguration;
			buildSettings = {
				ALWAYS_EMBED_SWIFT_STANDARD_LIBRARIES = YES;
				BUNDLE_LOADER = "$(TEST_HOST)";
				CODE_SIGN_STYLE = Automatic;
				DEVELOPMENT_TEAM = 3V77329U3X;
				INFOPLIST_FILE = TestGitTests/Info.plist;
				LD_RUNPATH_SEARCH_PATHS = "$(inherited) @executable_path/Frameworks @loader_path/Frameworks";
				PRODUCT_BUNDLE_IDENTIFIER = "be.vdab.Louis-Philippe-Loeckx.TestGitTests";
				PRODUCT_NAME = "$(TARGET_NAME)";
				SWIFT_VERSION = 4.0;
				TARGETED_DEVICE_FAMILY = "1,2";
				TEST_HOST = "$(BUILT_PRODUCTS_DIR)/TestGit.app/TestGit";
			};
			name = Release;
		};
		15451AAA20502C1300E205F7 /* Debug */ = {
			isa = XCBuildConfiguration;
			buildSettings = {
				ALWAYS_EMBED_SWIFT_STANDARD_LIBRARIES = YES;
				CODE_SIGN_STYLE = Automatic;
				DEVELOPMENT_TEAM = 3V77329U3X;
				INFOPLIST_FILE = TestGitUITests/Info.plist;
				LD_RUNPATH_SEARCH_PATHS = "$(inherited) @executable_path/Frameworks @loader_path/Frameworks";
				PRODUCT_BUNDLE_IDENTIFIER = "be.vdab.Louis-Philippe-Loeckx.TestGitUITests";
				PRODUCT_NAME = "$(TARGET_NAME)";
				SWIFT_VERSION = 4.0;
				TARGETED_DEVICE_FAMILY = "1,2";
				TEST_TARGET_NAME = TestGit;
			};
			name = Debug;
		};
		15451AAB20502C1300E205F7 /* Release */ = {
			isa = XCBuildConfiguration;
			buildSettings = {
				ALWAYS_EMBED_SWIFT_STANDARD_LIBRARIES = YES;
				CODE_SIGN_STYLE = Automatic;
				DEVELOPMENT_TEAM = 3V77329U3X;
				INFOPLIST_FILE = TestGitUITests/Info.plist;
				LD_RUNPATH_SEARCH_PATHS = "$(inherited) @executable_path/Frameworks @loader_path/Frameworks";
				PRODUCT_BUNDLE_IDENTIFIER = "be.vdab.Louis-Philippe-Loeckx.TestGitUITests";
				PRODUCT_NAME = "$(TARGET_NAME)";
				SWIFT_VERSION = 4.0;
				TARGETED_DEVICE_FAMILY = "1,2";
				TEST_TARGET_NAME = TestGit;
			};
			name = Release;
		};
/* End XCBuildConfiguration section */

/* Begin XCConfigurationList section */
		15451A7620502C1200E205F7 /* Build configuration list for PBXProject "TestGit" */ = {
			isa = XCConfigurationList;
			buildConfigurations = (
				15451AA120502C1300E205F7 /* Debug */,
				15451AA220502C1300E205F7 /* Release */,
			);
			defaultConfigurationIsVisible = 0;
			defaultConfigurationName = Release;
		};
		15451AA320502C1300E205F7 /* Build configuration list for PBXNativeTarget "TestGit" */ = {
			isa = XCConfigurationList;
			buildConfigurations = (
				15451AA420502C1300E205F7 /* Debug */,
				15451AA520502C1300E205F7 /* Release */,
			);
			defaultConfigurationIsVisible = 0;
			defaultConfigurationName = Release;
		};
		15451AA620502C1300E205F7 /* Build configuration list for PBXNativeTarget "TestGitTests" */ = {
			isa = XCConfigurationList;
			buildConfigurations = (
				15451AA720502C1300E205F7 /* Debug */,
				15451AA820502C1300E205F7 /* Release */,
			);
			defaultConfigurationIsVisible = 0;
			defaultConfigurationName = Release;
		};
		15451AA920502C1300E205F7 /* Build configuration list for PBXNativeTarget "TestGitUITests" */ = {
			isa = XCConfigurationList;
			buildConfigurations = (
				15451AAA20502C1300E205F7 /* Debug */,
				15451AAB20502C1300E205F7 /* Release */,
			);
			defaultConfigurationIsVisible = 0;
			defaultConfigurationName = Release;
		};
/* End XCConfigurationList section */
	};
	rootObject = 15451A7320502C1200E205F7 /* Project object */;
}
